
Microsoft Visual Studio Solution File, Format Version 12.00
# Visual Studio Version 17
VisualStudioVersion = 17.0.32014.148
MinimumVisualStudioVersion = 10.0.40219.1
Project("{9A19103F-16F7-4668-BE54-9A1E7A4F7556}") = "Savvyio.Core", "src\Savvyio.Core\Savvyio.Core.csproj", "{5BEC19AB-F115-40F0-993C-35140A8B316C}"
EndProject
Project("{2150E333-8FDC-42A3-9474-1A3956D46DE8}") = "src", "src", "{0E75F0C5-DBEB-4B6D-AC52-98656CA79A7D}"
EndProject
Project("{2150E333-8FDC-42A3-9474-1A3956D46DE8}") = "test", "test", "{407762FB-26D8-435F-AE16-C76791EC9FEC}"
EndProject
Project("{9A19103F-16F7-4668-BE54-9A1E7A4F7556}") = "Savvyio.EventDriven", "src\Savvyio.EventDriven\Savvyio.EventDriven.csproj", "{99A95321-0DFB-49D1-BAFF-7A292F1F15AC}"
EndProject
Project("{9A19103F-16F7-4668-BE54-9A1E7A4F7556}") = "Savvyio.Commands", "src\Savvyio.Commands\Savvyio.Commands.csproj", "{A0A7ADAC-5970-4463-954D-E860D0CA5C23}"
EndProject
Project("{9A19103F-16F7-4668-BE54-9A1E7A4F7556}") = "Savvyio.Queries", "src\Savvyio.Queries\Savvyio.Queries.csproj", "{9770065A-43E6-40DE-A185-B733851C7536}"
EndProject
Project("{9A19103F-16F7-4668-BE54-9A1E7A4F7556}") = "Savvyio.Domain", "src\Savvyio.Domain\Savvyio.Domain.csproj", "{03DC4902-28E4-416F-AB32-34D645A9428C}"
EndProject
Project("{9A19103F-16F7-4668-BE54-9A1E7A4F7556}") = "Savvyio.Extensions.Dispatchers", "src\Savvyio.Extensions.Dispatchers\Savvyio.Extensions.Dispatchers.csproj", "{139A77D1-93E8-4C14-996D-FFBB5457348B}"
EndProject
Project("{9A19103F-16F7-4668-BE54-9A1E7A4F7556}") = "Savvyio.Domain.EventSourcing", "src\Savvyio.Domain.EventSourcing\Savvyio.Domain.EventSourcing.csproj", "{6796D33B-8688-4434-9AC2-9F8690D58427}"
EndProject
Project("{9A19103F-16F7-4668-BE54-9A1E7A4F7556}") = "Savvyio.Extensions.DependencyInjection.EFCore", "src\Savvyio.Extensions.DependencyInjection.EFCore\Savvyio.Extensions.DependencyInjection.EFCore.csproj", "{91A272A5-23D6-4152-B422-0D232EDF0752}"
EndProject
Project("{9A19103F-16F7-4668-BE54-9A1E7A4F7556}") = "Savvyio.Extensions.DependencyInjection", "src\Savvyio.Extensions.DependencyInjection\Savvyio.Extensions.DependencyInjection.csproj", "{8CDFE9AA-CC01-4342-8847-C5239ECA7F21}"
EndProject
Project("{9A19103F-16F7-4668-BE54-9A1E7A4F7556}") = "Savvyio.Core.Tests", "test\Savvyio.Core.Tests\Savvyio.Core.Tests.csproj", "{D7D4458E-439D-4944-9827-8C1A70623063}"
EndProject
Project("{9A19103F-16F7-4668-BE54-9A1E7A4F7556}") = "Savvyio.Domain.Tests", "test\Savvyio.Domain.Tests\Savvyio.Domain.Tests.csproj", "{876990D5-600C-42FC-A646-2D2CD70350CF}"
EndProject
Project("{9A19103F-16F7-4668-BE54-9A1E7A4F7556}") = "Savvyio.EventDriven.Tests", "test\Savvyio.EventDriven.Tests\Savvyio.EventDriven.Tests.csproj", "{DD3E766A-33B7-4A31-B5E9-51D3DB0B45EC}"
EndProject
Project("{9A19103F-16F7-4668-BE54-9A1E7A4F7556}") = "Savvyio.Queries.Tests", "test\Savvyio.Queries.Tests\Savvyio.Queries.Tests.csproj", "{A9D62841-3FF1-4167-A3D6-7FD64FE66F32}"
EndProject
Project("{9A19103F-16F7-4668-BE54-9A1E7A4F7556}") = "Savvyio.Commands.Tests", "test\Savvyio.Commands.Tests\Savvyio.Commands.Tests.csproj", "{9CBD5ED7-973A-4DAF-9CEA-7B46E002CE33}"
EndProject
Project("{9A19103F-16F7-4668-BE54-9A1E7A4F7556}") = "Savvyio.Assets.Tests", "test\Savvyio.Assets.Tests\Savvyio.Assets.Tests.csproj", "{9599F5E4-0B54-4AEF-ABCC-9779319C8A08}"
EndProject
Project("{9A19103F-16F7-4668-BE54-9A1E7A4F7556}") = "Savvyio.Extensions.Dispatchers.Tests", "test\Savvyio.Extensions.Dispatchers.Tests\Savvyio.Extensions.Dispatchers.Tests.csproj", "{6CC468FF-F2AC-4698-A0DA-FC255D6D7405}"
EndProject
Project("{9A19103F-16F7-4668-BE54-9A1E7A4F7556}") = "Savvyio.Extensions.DependencyInjection.Tests", "test\Savvyio.Extensions.DependencyInjection.Tests\Savvyio.Extensions.DependencyInjection.Tests.csproj", "{BDD819B5-399D-4805-8D96-DEC3B4F67B37}"
EndProject
Project("{9A19103F-16F7-4668-BE54-9A1E7A4F7556}") = "Savvyio.Extensions.EFCore", "src\Savvyio.Extensions.EFCore\Savvyio.Extensions.EFCore.csproj", "{D63C031A-A3E4-4FB6-9354-2497BBA581F1}"
EndProject
Project("{9A19103F-16F7-4668-BE54-9A1E7A4F7556}") = "Savvyio.Extensions.EFCore.Tests", "test\Savvyio.Extensions.EFCore.Tests\Savvyio.Extensions.EFCore.Tests.csproj", "{F6892A1D-89DF-40F6-96B1-3ADB74ABA0FE}"
EndProject
Project("{9A19103F-16F7-4668-BE54-9A1E7A4F7556}") = "Savvyio.Assets.EfCore.Tests", "test\Savvyio.Assets.EfCore.Tests\Savvyio.Assets.EfCore.Tests.csproj", "{207C868D-FB47-4737-9A40-13F89C7AAB36}"
EndProject
Project("{9A19103F-16F7-4668-BE54-9A1E7A4F7556}") = "Savvyio.Domain.EventSourcing.Tests", "test\Savvyio.Domain.EventSourcing.Tests\Savvyio.Domain.EventSourcing.Tests.csproj", "{2F8790E4-015E-44AB-9781-1EFC4AB7A521}"
EndProject
Project("{9A19103F-16F7-4668-BE54-9A1E7A4F7556}") = "Savvyio.Extensions.EFCore.Domain", "src\Savvyio.Extensions.EFCore.Domain\Savvyio.Extensions.EFCore.Domain.csproj", "{0FBF5E05-DD48-43C4-871F-6968F72D9BAC}"
EndProject
Project("{9A19103F-16F7-4668-BE54-9A1E7A4F7556}") = "Savvyio.Extensions.EFCore.Domain.EventSourcing", "src\Savvyio.Extensions.EFCore.Domain.EventSourcing\Savvyio.Extensions.EFCore.Domain.EventSourcing.csproj", "{74CF96A1-4B13-4750-82BC-9C0FF1FDFA17}"
EndProject
Project("{9A19103F-16F7-4668-BE54-9A1E7A4F7556}") = "Savvyio.Extensions.DependencyInjection.EFCore.Domain", "src\Savvyio.Extensions.DependencyInjection.EFCore.Domain\Savvyio.Extensions.DependencyInjection.EFCore.Domain.csproj", "{8486A6C4-295A-4A82-AE48-A561AE285938}"
EndProject
Project("{9A19103F-16F7-4668-BE54-9A1E7A4F7556}") = "Savvyio.Extensions.DependencyInjection.Domain", "src\Savvyio.Extensions.DependencyInjection.Domain\Savvyio.Extensions.DependencyInjection.Domain.csproj", "{04A05FF7-947F-4F7D-BAAA-6999E84145C8}"
EndProject
Project("{9A19103F-16F7-4668-BE54-9A1E7A4F7556}") = "Savvyio.Extensions.DependencyInjection.EFCore.Domain.EventSourcing", "src\Savvyio.Extensions.DependencyInjection.EFCore.Domain.EventSourcing\Savvyio.Extensions.DependencyInjection.EFCore.Domain.EventSourcing.csproj", "{17EDCC72-7163-4985-BA1F-BD0B02AF511C}"
EndProject
Project("{9A19103F-16F7-4668-BE54-9A1E7A4F7556}") = "Savvyio.App", "src\Savvyio.App\Savvyio.App.csproj", "{277297BE-69DE-4DAB-A96E-CA592CC934AD}"
EndProject
Project("{9A19103F-16F7-4668-BE54-9A1E7A4F7556}") = "Savvyio.Extensions.Dapper", "src\Savvyio.Extensions.Dapper\Savvyio.Extensions.Dapper.csproj", "{5C8AF4EB-3275-427A-B53A-5CF0B2E1F17A}"
EndProject
Project("{9A19103F-16F7-4668-BE54-9A1E7A4F7556}") = "Savvyio.Extensions.DependencyInjection.EFCore.Tests", "test\Savvyio.Extensions.DependencyInjection.EFCore.Tests\Savvyio.Extensions.DependencyInjection.EFCore.Tests.csproj", "{822E4E56-AB85-4942-AD7C-3EB6EDF0DA6B}"
EndProject
Project("{9A19103F-16F7-4668-BE54-9A1E7A4F7556}") = "Savvyio.Extensions.Dapper.Tests", "test\Savvyio.Extensions.Dapper.Tests\Savvyio.Extensions.Dapper.Tests.csproj", "{D2B3CBB1-D5B2-45E8-91F1-D9528359A86D}"
EndProject
Project("{9A19103F-16F7-4668-BE54-9A1E7A4F7556}") = "Savvyio.Extensions.DependencyInjection.Dapper", "src\Savvyio.Extensions.DependencyInjection.Dapper\Savvyio.Extensions.DependencyInjection.Dapper.csproj", "{98794961-7CEC-4074-8449-FDEFAD91F917}"
EndProject
Project("{9A19103F-16F7-4668-BE54-9A1E7A4F7556}") = "Savvyio.Extensions.DependencyInjection.Dapper.Tests", "test\Savvyio.Extensions.DependencyInjection.Dapper.Tests\Savvyio.Extensions.DependencyInjection.Dapper.Tests.csproj", "{AF1E9503-2E47-46AF-8F43-CC3699DE2774}"
EndProject
Project("{9A19103F-16F7-4668-BE54-9A1E7A4F7556}") = "Savvyio.FunctionalTests", "test\Savvyio.FunctionalTests\Savvyio.FunctionalTests.csproj", "{2EC52AD2-543A-442C-B14D-5DDF7866D9F8}"
EndProject
Project("{9A19103F-16F7-4668-BE54-9A1E7A4F7556}") = "Savvyio.Assets.Dapper.Tests", "test\Savvyio.Assets.Dapper.Tests\Savvyio.Assets.Dapper.Tests.csproj", "{2A03AEFA-D88A-4F64-894A-B616E39F2566}"
EndProject
Project("{9A19103F-16F7-4668-BE54-9A1E7A4F7556}") = "Savvyio.Extensions.DapperExtensions", "src\Savvyio.Extensions.DapperExtensions\Savvyio.Extensions.DapperExtensions.csproj", "{09430C63-D486-4271-A34C-01FFD6D4EB61}"
EndProject
Project("{9A19103F-16F7-4668-BE54-9A1E7A4F7556}") = "Savvyio.Extensions.DapperExtensions.Tests", "test\Savvyio.Extensions.DapperExtensions.Tests\Savvyio.Extensions.DapperExtensions.Tests.csproj", "{3551983F-4BC8-43B9-8788-A9CCB2D6664B}"
EndProject
Project("{9A19103F-16F7-4668-BE54-9A1E7A4F7556}") = "Savvyio.Extensions.DependencyInjection.DapperExtensions", "src\Savvyio.Extensions.DependencyInjection.DapperExtensions\Savvyio.Extensions.DependencyInjection.DapperExtensions.csproj", "{6E86E9F0-D6A5-49F6-917F-6CE3EEE9ADA0}"
EndProject
Project("{9A19103F-16F7-4668-BE54-9A1E7A4F7556}") = "Savvyio.Extensions.DependencyInjection.DapperExtensions.Tests", "test\Savvyio.Extensions.DependencyInjection.DapperExtensions.Tests\Savvyio.Extensions.DependencyInjection.DapperExtensions.Tests.csproj", "{D8F4B4AA-8FCF-4CA0-9767-2E5EE0C6A590}"
EndProject
Project("{9A19103F-16F7-4668-BE54-9A1E7A4F7556}") = "Savvyio.Extensions.DependencyInjection.EFCore.Domain.EventSourcing.Tests", "test\Savvyio.Extensions.DependencyInjection.EFCore.Domain.EventSourcing.Tests\Savvyio.Extensions.DependencyInjection.EFCore.Domain.EventSourcing.Tests.csproj", "{1F271782-E3D7-47E3-B9CC-B97B61AE0B73}"
EndProject
Project("{9A19103F-16F7-4668-BE54-9A1E7A4F7556}") = "Savvyio.Extensions.DependencyInjection.EFCore.Domain.Tests", "test\Savvyio.Extensions.DependencyInjection.EFCore.Domain.Tests\Savvyio.Extensions.DependencyInjection.EFCore.Domain.Tests.csproj", "{6CDF1E30-A3E5-4F93-8F64-55C3C16876F4}"
EndProject
Project("{9A19103F-16F7-4668-BE54-9A1E7A4F7556}") = "Savvyio.Extensions.SimpleQueueService", "src\Savvyio.Extensions.SimpleQueueService\Savvyio.Extensions.SimpleQueueService.csproj", "{376530FE-D4C3-49A9-AC66-ED34EDC0D79F}"
EndProject
Project("{9A19103F-16F7-4668-BE54-9A1E7A4F7556}") = "Savvyio.Extensions.SimpleQueueService.Tests", "test\Savvyio.Extensions.SimpleQueueService.Tests\Savvyio.Extensions.SimpleQueueService.Tests.csproj", "{084EBC42-B932-4546-8B83-67FE63AEAC2D}"
EndProject
Project("{9A19103F-16F7-4668-BE54-9A1E7A4F7556}") = "Savvyio.Extensions.DependencyInjection.SimpleQueueService", "src\Savvyio.Extensions.DependencyInjection.SimpleQueueService\Savvyio.Extensions.DependencyInjection.SimpleQueueService.csproj", "{0AAD0FA2-89A7-44A1-9F63-A29439F4168E}"
EndProject
Project("{9A19103F-16F7-4668-BE54-9A1E7A4F7556}") = "Savvyio.Extensions.DependencyInjection.SimpleQueueService.Tests", "test\Savvyio.Extensions.DependencyInjection.SimpleQueueService.Tests\Savvyio.Extensions.DependencyInjection.SimpleQueueService.Tests.csproj", "{D0A0D57D-EA95-4588-A8D0-1941894F3AD2}"
EndProject
Project("{9A19103F-16F7-4668-BE54-9A1E7A4F7556}") = "Savvyio.Extensions.Newtonsoft.Json", "src\Savvyio.Extensions.Newtonsoft.Json\Savvyio.Extensions.Newtonsoft.Json.csproj", "{8203BCB1-BA8F-46EC-B3C4-CB2F0C1E00FA}"
EndProject
Project("{9A19103F-16F7-4668-BE54-9A1E7A4F7556}") = "Savvyio.Extensions.Text.Json", "src\Savvyio.Extensions.Text.Json\Savvyio.Extensions.Text.Json.csproj", "{FC196D04-5D92-439C-A6A7-73F76B7DD22E}"
EndProject
Project("{9A19103F-16F7-4668-BE54-9A1E7A4F7556}") = "Savvyio.Extensions.Text.Json.Tests", "test\Savvyio.Extensions.Text.Json.Tests\Savvyio.Extensions.Text.Json.Tests.csproj", "{C99697C7-626C-4852-B186-B01EF1BB5738}"
EndProject
Project("{9A19103F-16F7-4668-BE54-9A1E7A4F7556}") = "Savvyio.Extensions.Newtonsoft.Json.Tests", "test\Savvyio.Extensions.Newtonsoft.Json.Tests\Savvyio.Extensions.Newtonsoft.Json.Tests.csproj", "{870B8D00-FD08-4DD9-99DE-0DE55B0C7018}"
EndProject
Project("{9A19103F-16F7-4668-BE54-9A1E7A4F7556}") = "Savvyio.Messaging", "src\Savvyio.Messaging\Savvyio.Messaging.csproj", "{9B1F27F1-D3F7-466F-99EC-FFCB2A08636C}"
EndProject
Project("{9A19103F-16F7-4668-BE54-9A1E7A4F7556}") = "Savvyio.Commands.Messaging", "src\Savvyio.Commands.Messaging\Savvyio.Commands.Messaging.csproj", "{41658989-6AC0-4006-8023-55754A7D84A1}"
EndProject
Project("{9A19103F-16F7-4668-BE54-9A1E7A4F7556}") = "Savvyio.EventDriven.Messaging", "src\Savvyio.EventDriven.Messaging\Savvyio.EventDriven.Messaging.csproj", "{809D779F-2F62-4BFF-A6E2-82A5FA2E4142}"
EndProject
Project("{9A19103F-16F7-4668-BE54-9A1E7A4F7556}") = "Savvyio.Extensions.SimpleQueueService.FunctionalTests", "test\Savvyio.Extensions.SimpleQueueService.FunctionalTests\Savvyio.Extensions.SimpleQueueService.FunctionalTests.csproj", "{3112CB5C-627B-4A4B-83E4-53AB0769E989}"
EndProject
Project("{9A19103F-16F7-4668-BE54-9A1E7A4F7556}") = "Savvyio.Extensions.QueueStorage", "src\Savvyio.Extensions.QueueStorage\Savvyio.Extensions.QueueStorage.csproj", "{E6BB7105-C0AD-49B9-A02A-8AC15647F727}"
EndProject
Project("{9A19103F-16F7-4668-BE54-9A1E7A4F7556}") = "Savvyio.Extensions.QueueStorage.Tests", "test\Savvyio.Extensions.QueueStorage.Tests\Savvyio.Extensions.QueueStorage.Tests.csproj", "{04804591-413B-4199-90E6-723097091DF9}"
EndProject
Project("{9A19103F-16F7-4668-BE54-9A1E7A4F7556}") = "Savvyio.Extensions.QueueStorage.FunctionalTests", "test\Savvyio.Extensions.QueueStorage.FunctionalTests\Savvyio.Extensions.QueueStorage.FunctionalTests.csproj", "{0F265E4A-04AD-48F0-B309-22492822D91C}"
EndProject
Project("{FAE04EC0-301F-11D3-BF4B-00C04F79EFBC}") = "Savvyio.Extensions.DependencyInjection.QueueStorage", "src\Savvyio.Extensions.DependencyInjection.QueueStorage\Savvyio.Extensions.DependencyInjection.QueueStorage.csproj", "{36520BC5-4343-4CF3-A8AE-B7A04B91DDB2}"
EndProject
Project("{FAE04EC0-301F-11D3-BF4B-00C04F79EFBC}") = "Savvyio.Extensions.RabbitMQ", "src\Savvyio.Extensions.RabbitMQ\Savvyio.Extensions.RabbitMQ.csproj", "{0AB0316F-76C4-413F-8C96-DB3489E318E6}"
EndProject
Project("{FAE04EC0-301F-11D3-BF4B-00C04F79EFBC}") = "Savvyio.Extensions.RabbitMQ.FunctionalTests", "test\Savvyio.Extensions.RabbitMQ.FunctionalTests\Savvyio.Extensions.RabbitMQ.FunctionalTests.csproj", "{C15021DF-E983-4B40-8F65-16A8966429AF}"
EndProject
Project("{FAE04EC0-301F-11D3-BF4B-00C04F79EFBC}") = "Savvyio.Extensions.DependencyInjection.RabbitMQ", "src\Savvyio.Extensions.DependencyInjection.RabbitMQ\Savvyio.Extensions.DependencyInjection.RabbitMQ.csproj", "{03FA8A80-ADD3-41CC-B55F-E435120D6DA9}"
EndProject
Project("{FAE04EC0-301F-11D3-BF4B-00C04F79EFBC}") = "Savvyio.Extensions.DependencyInjection.RabbitMQ.Tests", "test\Savvyio.Extensions.DependencyInjection.RabbitMQ.Tests\Savvyio.Extensions.DependencyInjection.RabbitMQ.Tests.csproj", "{5424475B-B2EB-4CF2-B7D5-D23CDE9A8D59}"
EndProject
Project("{FAE04EC0-301F-11D3-BF4B-00C04F79EFBC}") = "Savvyio.Extensions.RabbitMQ.Tests", "test\Savvyio.Extensions.RabbitMQ.Tests\Savvyio.Extensions.RabbitMQ.Tests.csproj", "{0AE5B8A9-228D-4A7E-A931-FDF84A4217D3}"
EndProject
Project("{FAE04EC0-301F-11D3-BF4B-00C04F79EFBC}") = "Savvyio.Extensions.NATS", "src\Savvyio.Extensions.NATS\Savvyio.Extensions.NATS.csproj", "{A684DE92-380A-CCCE-442F-A7F96B437F85}"
EndProject
Project("{FAE04EC0-301F-11D3-BF4B-00C04F79EFBC}") = "Savvyio.Extensions.NATS.Tests", "test\Savvyio.Extensions.NATS.Tests\Savvyio.Extensions.NATS.Tests.csproj", "{C33D2F96-D7DC-41FD-A5DB-3B4C349B9FB3}"
EndProject
Project("{FAE04EC0-301F-11D3-BF4B-00C04F79EFBC}") = "Savvyio.Extensions.NATS.FunctionalTests", "test\Savvyio.Extensions.NATS.FunctionalTests\Savvyio.Extensions.NATS.FunctionalTests.csproj", "{030BB5FC-BB8B-4349-B8BD-93DBFE887D18}"
EndProject
Project("{FAE04EC0-301F-11D3-BF4B-00C04F79EFBC}") = "Savvyio.Extensions.DependencyInjection.NATS", "src\Savvyio.Extensions.DependencyInjection.NATS\Savvyio.Extensions.DependencyInjection.NATS.csproj", "{D4E7613F-FBF6-451A-AEA4-D46907CC9C78}"
EndProject
Project("{FAE04EC0-301F-11D3-BF4B-00C04F79EFBC}") = "Savvyio.Extensions.DependencyInjection.NATS.Tests", "test\Savvyio.Extensions.DependencyInjection.NATS.Tests\Savvyio.Extensions.DependencyInjection.NATS.Tests.csproj", "{B38EFDB0-58A2-4C6F-B46E-9B5F01E23F15}"
EndProject
Project("{FAE04EC0-301F-11D3-BF4B-00C04F79EFBC}") = "Savvyio.Extensions.DependencyInjection.Text.Json", "src\Savvyio.Extensions.DependencyInjection.Text.Json\Savvyio.Extensions.DependencyInjection.Text.Json.csproj", "{12A785C8-CD84-4D45-B761-C1D62AF00D8B}"
EndProject
Project("{FAE04EC0-301F-11D3-BF4B-00C04F79EFBC}") = "Savvyio.Extensions.DependencyInjection.Newtonsoft.Json", "src\Savvyio.Extensions.DependencyInjection.Newtonsoft.Json\Savvyio.Extensions.DependencyInjection.Newtonsoft.Json.csproj", "{E65266EF-BADC-4C6B-AACE-EF8444A83C4A}"
EndProject
Project("{FAE04EC0-301F-11D3-BF4B-00C04F79EFBC}") = "Savvyio.Extensions.DependencyInjection.Newtonsoft.Json.Tests", "test\Savvyio.Extensions.DependencyInjection.Newtonsoft.Json.Tests\Savvyio.Extensions.DependencyInjection.Newtonsoft.Json.Tests.csproj", "{2110D4F4-7F43-4ED6-84A4-98BD75FC709C}"
EndProject
Project("{FAE04EC0-301F-11D3-BF4B-00C04F79EFBC}") = "Savvyio.Extensions.DependencyInjection.Text.Json.Tests", "test\Savvyio.Extensions.DependencyInjection.Text.Json.Tests\Savvyio.Extensions.DependencyInjection.Text.Json.Tests.csproj", "{5F23B8AA-1230-48FF-BC80-221F2E17D29C}"
EndProject
Project("{FAE04EC0-301F-11D3-BF4B-00C04F79EFBC}") = "Savvyio.Extensions.DependencyInjection.QueueStorage.Tests", "test\Savvyio.Extensions.DependencyInjection.QueueStorage.Tests\Savvyio.Extensions.DependencyInjection.QueueStorage.Tests.csproj", "{4E2C39BD-90B9-6CCD-D5B2-FBC44834E39B}"
EndProject
Global
	GlobalSection(SolutionConfigurationPlatforms) = preSolution
		Debug|Any CPU = Debug|Any CPU
		Release|Any CPU = Release|Any CPU
	EndGlobalSection
	GlobalSection(ProjectConfigurationPlatforms) = postSolution
		{5BEC19AB-F115-40F0-993C-35140A8B316C}.Debug|Any CPU.ActiveCfg = Debug|Any CPU
		{5BEC19AB-F115-40F0-993C-35140A8B316C}.Debug|Any CPU.Build.0 = Debug|Any CPU
		{5BEC19AB-F115-40F0-993C-35140A8B316C}.Release|Any CPU.ActiveCfg = Release|Any CPU
		{5BEC19AB-F115-40F0-993C-35140A8B316C}.Release|Any CPU.Build.0 = Release|Any CPU
		{99A95321-0DFB-49D1-BAFF-7A292F1F15AC}.Debug|Any CPU.ActiveCfg = Debug|Any CPU
		{99A95321-0DFB-49D1-BAFF-7A292F1F15AC}.Debug|Any CPU.Build.0 = Debug|Any CPU
		{99A95321-0DFB-49D1-BAFF-7A292F1F15AC}.Release|Any CPU.ActiveCfg = Release|Any CPU
		{99A95321-0DFB-49D1-BAFF-7A292F1F15AC}.Release|Any CPU.Build.0 = Release|Any CPU
		{A0A7ADAC-5970-4463-954D-E860D0CA5C23}.Debug|Any CPU.ActiveCfg = Debug|Any CPU
		{A0A7ADAC-5970-4463-954D-E860D0CA5C23}.Debug|Any CPU.Build.0 = Debug|Any CPU
		{A0A7ADAC-5970-4463-954D-E860D0CA5C23}.Release|Any CPU.ActiveCfg = Release|Any CPU
		{A0A7ADAC-5970-4463-954D-E860D0CA5C23}.Release|Any CPU.Build.0 = Release|Any CPU
		{9770065A-43E6-40DE-A185-B733851C7536}.Debug|Any CPU.ActiveCfg = Debug|Any CPU
		{9770065A-43E6-40DE-A185-B733851C7536}.Debug|Any CPU.Build.0 = Debug|Any CPU
		{9770065A-43E6-40DE-A185-B733851C7536}.Release|Any CPU.ActiveCfg = Release|Any CPU
		{9770065A-43E6-40DE-A185-B733851C7536}.Release|Any CPU.Build.0 = Release|Any CPU
		{03DC4902-28E4-416F-AB32-34D645A9428C}.Debug|Any CPU.ActiveCfg = Debug|Any CPU
		{03DC4902-28E4-416F-AB32-34D645A9428C}.Debug|Any CPU.Build.0 = Debug|Any CPU
		{03DC4902-28E4-416F-AB32-34D645A9428C}.Release|Any CPU.ActiveCfg = Release|Any CPU
		{03DC4902-28E4-416F-AB32-34D645A9428C}.Release|Any CPU.Build.0 = Release|Any CPU
		{139A77D1-93E8-4C14-996D-FFBB5457348B}.Debug|Any CPU.ActiveCfg = Debug|Any CPU
		{139A77D1-93E8-4C14-996D-FFBB5457348B}.Debug|Any CPU.Build.0 = Debug|Any CPU
		{139A77D1-93E8-4C14-996D-FFBB5457348B}.Release|Any CPU.ActiveCfg = Release|Any CPU
		{139A77D1-93E8-4C14-996D-FFBB5457348B}.Release|Any CPU.Build.0 = Release|Any CPU
		{6796D33B-8688-4434-9AC2-9F8690D58427}.Debug|Any CPU.ActiveCfg = Debug|Any CPU
		{6796D33B-8688-4434-9AC2-9F8690D58427}.Debug|Any CPU.Build.0 = Debug|Any CPU
		{6796D33B-8688-4434-9AC2-9F8690D58427}.Release|Any CPU.ActiveCfg = Release|Any CPU
		{6796D33B-8688-4434-9AC2-9F8690D58427}.Release|Any CPU.Build.0 = Release|Any CPU
		{91A272A5-23D6-4152-B422-0D232EDF0752}.Debug|Any CPU.ActiveCfg = Debug|Any CPU
		{91A272A5-23D6-4152-B422-0D232EDF0752}.Debug|Any CPU.Build.0 = Debug|Any CPU
		{91A272A5-23D6-4152-B422-0D232EDF0752}.Release|Any CPU.ActiveCfg = Release|Any CPU
		{91A272A5-23D6-4152-B422-0D232EDF0752}.Release|Any CPU.Build.0 = Release|Any CPU
		{8CDFE9AA-CC01-4342-8847-C5239ECA7F21}.Debug|Any CPU.ActiveCfg = Debug|Any CPU
		{8CDFE9AA-CC01-4342-8847-C5239ECA7F21}.Debug|Any CPU.Build.0 = Debug|Any CPU
		{8CDFE9AA-CC01-4342-8847-C5239ECA7F21}.Release|Any CPU.ActiveCfg = Release|Any CPU
		{8CDFE9AA-CC01-4342-8847-C5239ECA7F21}.Release|Any CPU.Build.0 = Release|Any CPU
		{D7D4458E-439D-4944-9827-8C1A70623063}.Debug|Any CPU.ActiveCfg = Debug|Any CPU
		{D7D4458E-439D-4944-9827-8C1A70623063}.Debug|Any CPU.Build.0 = Debug|Any CPU
		{D7D4458E-439D-4944-9827-8C1A70623063}.Release|Any CPU.ActiveCfg = Release|Any CPU
		{D7D4458E-439D-4944-9827-8C1A70623063}.Release|Any CPU.Build.0 = Release|Any CPU
		{876990D5-600C-42FC-A646-2D2CD70350CF}.Debug|Any CPU.ActiveCfg = Debug|Any CPU
		{876990D5-600C-42FC-A646-2D2CD70350CF}.Debug|Any CPU.Build.0 = Debug|Any CPU
		{876990D5-600C-42FC-A646-2D2CD70350CF}.Release|Any CPU.ActiveCfg = Release|Any CPU
		{876990D5-600C-42FC-A646-2D2CD70350CF}.Release|Any CPU.Build.0 = Release|Any CPU
		{DD3E766A-33B7-4A31-B5E9-51D3DB0B45EC}.Debug|Any CPU.ActiveCfg = Debug|Any CPU
		{DD3E766A-33B7-4A31-B5E9-51D3DB0B45EC}.Debug|Any CPU.Build.0 = Debug|Any CPU
		{DD3E766A-33B7-4A31-B5E9-51D3DB0B45EC}.Release|Any CPU.ActiveCfg = Release|Any CPU
		{DD3E766A-33B7-4A31-B5E9-51D3DB0B45EC}.Release|Any CPU.Build.0 = Release|Any CPU
		{A9D62841-3FF1-4167-A3D6-7FD64FE66F32}.Debug|Any CPU.ActiveCfg = Debug|Any CPU
		{A9D62841-3FF1-4167-A3D6-7FD64FE66F32}.Debug|Any CPU.Build.0 = Debug|Any CPU
		{A9D62841-3FF1-4167-A3D6-7FD64FE66F32}.Release|Any CPU.ActiveCfg = Release|Any CPU
		{A9D62841-3FF1-4167-A3D6-7FD64FE66F32}.Release|Any CPU.Build.0 = Release|Any CPU
		{9CBD5ED7-973A-4DAF-9CEA-7B46E002CE33}.Debug|Any CPU.ActiveCfg = Debug|Any CPU
		{9CBD5ED7-973A-4DAF-9CEA-7B46E002CE33}.Debug|Any CPU.Build.0 = Debug|Any CPU
		{9CBD5ED7-973A-4DAF-9CEA-7B46E002CE33}.Release|Any CPU.ActiveCfg = Release|Any CPU
		{9CBD5ED7-973A-4DAF-9CEA-7B46E002CE33}.Release|Any CPU.Build.0 = Release|Any CPU
		{9599F5E4-0B54-4AEF-ABCC-9779319C8A08}.Debug|Any CPU.ActiveCfg = Debug|Any CPU
		{9599F5E4-0B54-4AEF-ABCC-9779319C8A08}.Debug|Any CPU.Build.0 = Debug|Any CPU
		{9599F5E4-0B54-4AEF-ABCC-9779319C8A08}.Release|Any CPU.ActiveCfg = Release|Any CPU
		{9599F5E4-0B54-4AEF-ABCC-9779319C8A08}.Release|Any CPU.Build.0 = Release|Any CPU
		{6CC468FF-F2AC-4698-A0DA-FC255D6D7405}.Debug|Any CPU.ActiveCfg = Debug|Any CPU
		{6CC468FF-F2AC-4698-A0DA-FC255D6D7405}.Debug|Any CPU.Build.0 = Debug|Any CPU
		{6CC468FF-F2AC-4698-A0DA-FC255D6D7405}.Release|Any CPU.ActiveCfg = Release|Any CPU
		{6CC468FF-F2AC-4698-A0DA-FC255D6D7405}.Release|Any CPU.Build.0 = Release|Any CPU
		{BDD819B5-399D-4805-8D96-DEC3B4F67B37}.Debug|Any CPU.ActiveCfg = Debug|Any CPU
		{BDD819B5-399D-4805-8D96-DEC3B4F67B37}.Debug|Any CPU.Build.0 = Debug|Any CPU
		{BDD819B5-399D-4805-8D96-DEC3B4F67B37}.Release|Any CPU.ActiveCfg = Release|Any CPU
		{BDD819B5-399D-4805-8D96-DEC3B4F67B37}.Release|Any CPU.Build.0 = Release|Any CPU
		{D63C031A-A3E4-4FB6-9354-2497BBA581F1}.Debug|Any CPU.ActiveCfg = Debug|Any CPU
		{D63C031A-A3E4-4FB6-9354-2497BBA581F1}.Debug|Any CPU.Build.0 = Debug|Any CPU
		{D63C031A-A3E4-4FB6-9354-2497BBA581F1}.Release|Any CPU.ActiveCfg = Release|Any CPU
		{D63C031A-A3E4-4FB6-9354-2497BBA581F1}.Release|Any CPU.Build.0 = Release|Any CPU
		{F6892A1D-89DF-40F6-96B1-3ADB74ABA0FE}.Debug|Any CPU.ActiveCfg = Debug|Any CPU
		{F6892A1D-89DF-40F6-96B1-3ADB74ABA0FE}.Debug|Any CPU.Build.0 = Debug|Any CPU
		{F6892A1D-89DF-40F6-96B1-3ADB74ABA0FE}.Release|Any CPU.ActiveCfg = Release|Any CPU
		{F6892A1D-89DF-40F6-96B1-3ADB74ABA0FE}.Release|Any CPU.Build.0 = Release|Any CPU
		{207C868D-FB47-4737-9A40-13F89C7AAB36}.Debug|Any CPU.ActiveCfg = Debug|Any CPU
		{207C868D-FB47-4737-9A40-13F89C7AAB36}.Debug|Any CPU.Build.0 = Debug|Any CPU
		{207C868D-FB47-4737-9A40-13F89C7AAB36}.Release|Any CPU.ActiveCfg = Release|Any CPU
		{207C868D-FB47-4737-9A40-13F89C7AAB36}.Release|Any CPU.Build.0 = Release|Any CPU
		{2F8790E4-015E-44AB-9781-1EFC4AB7A521}.Debug|Any CPU.ActiveCfg = Debug|Any CPU
		{2F8790E4-015E-44AB-9781-1EFC4AB7A521}.Debug|Any CPU.Build.0 = Debug|Any CPU
		{2F8790E4-015E-44AB-9781-1EFC4AB7A521}.Release|Any CPU.ActiveCfg = Release|Any CPU
		{2F8790E4-015E-44AB-9781-1EFC4AB7A521}.Release|Any CPU.Build.0 = Release|Any CPU
		{0FBF5E05-DD48-43C4-871F-6968F72D9BAC}.Debug|Any CPU.ActiveCfg = Debug|Any CPU
		{0FBF5E05-DD48-43C4-871F-6968F72D9BAC}.Debug|Any CPU.Build.0 = Debug|Any CPU
		{0FBF5E05-DD48-43C4-871F-6968F72D9BAC}.Release|Any CPU.ActiveCfg = Release|Any CPU
		{0FBF5E05-DD48-43C4-871F-6968F72D9BAC}.Release|Any CPU.Build.0 = Release|Any CPU
		{74CF96A1-4B13-4750-82BC-9C0FF1FDFA17}.Debug|Any CPU.ActiveCfg = Debug|Any CPU
		{74CF96A1-4B13-4750-82BC-9C0FF1FDFA17}.Debug|Any CPU.Build.0 = Debug|Any CPU
		{74CF96A1-4B13-4750-82BC-9C0FF1FDFA17}.Release|Any CPU.ActiveCfg = Release|Any CPU
		{74CF96A1-4B13-4750-82BC-9C0FF1FDFA17}.Release|Any CPU.Build.0 = Release|Any CPU
		{8486A6C4-295A-4A82-AE48-A561AE285938}.Debug|Any CPU.ActiveCfg = Debug|Any CPU
		{8486A6C4-295A-4A82-AE48-A561AE285938}.Debug|Any CPU.Build.0 = Debug|Any CPU
		{8486A6C4-295A-4A82-AE48-A561AE285938}.Release|Any CPU.ActiveCfg = Release|Any CPU
		{8486A6C4-295A-4A82-AE48-A561AE285938}.Release|Any CPU.Build.0 = Release|Any CPU
		{04A05FF7-947F-4F7D-BAAA-6999E84145C8}.Debug|Any CPU.ActiveCfg = Debug|Any CPU
		{04A05FF7-947F-4F7D-BAAA-6999E84145C8}.Debug|Any CPU.Build.0 = Debug|Any CPU
		{04A05FF7-947F-4F7D-BAAA-6999E84145C8}.Release|Any CPU.ActiveCfg = Release|Any CPU
		{04A05FF7-947F-4F7D-BAAA-6999E84145C8}.Release|Any CPU.Build.0 = Release|Any CPU
		{17EDCC72-7163-4985-BA1F-BD0B02AF511C}.Debug|Any CPU.ActiveCfg = Debug|Any CPU
		{17EDCC72-7163-4985-BA1F-BD0B02AF511C}.Debug|Any CPU.Build.0 = Debug|Any CPU
		{17EDCC72-7163-4985-BA1F-BD0B02AF511C}.Release|Any CPU.ActiveCfg = Release|Any CPU
		{17EDCC72-7163-4985-BA1F-BD0B02AF511C}.Release|Any CPU.Build.0 = Release|Any CPU
		{277297BE-69DE-4DAB-A96E-CA592CC934AD}.Debug|Any CPU.ActiveCfg = Debug|Any CPU
		{277297BE-69DE-4DAB-A96E-CA592CC934AD}.Debug|Any CPU.Build.0 = Debug|Any CPU
		{277297BE-69DE-4DAB-A96E-CA592CC934AD}.Release|Any CPU.ActiveCfg = Release|Any CPU
		{277297BE-69DE-4DAB-A96E-CA592CC934AD}.Release|Any CPU.Build.0 = Release|Any CPU
		{5C8AF4EB-3275-427A-B53A-5CF0B2E1F17A}.Debug|Any CPU.ActiveCfg = Debug|Any CPU
		{5C8AF4EB-3275-427A-B53A-5CF0B2E1F17A}.Debug|Any CPU.Build.0 = Debug|Any CPU
		{5C8AF4EB-3275-427A-B53A-5CF0B2E1F17A}.Release|Any CPU.ActiveCfg = Release|Any CPU
		{5C8AF4EB-3275-427A-B53A-5CF0B2E1F17A}.Release|Any CPU.Build.0 = Release|Any CPU
		{822E4E56-AB85-4942-AD7C-3EB6EDF0DA6B}.Debug|Any CPU.ActiveCfg = Debug|Any CPU
		{822E4E56-AB85-4942-AD7C-3EB6EDF0DA6B}.Debug|Any CPU.Build.0 = Debug|Any CPU
		{822E4E56-AB85-4942-AD7C-3EB6EDF0DA6B}.Release|Any CPU.ActiveCfg = Release|Any CPU
		{822E4E56-AB85-4942-AD7C-3EB6EDF0DA6B}.Release|Any CPU.Build.0 = Release|Any CPU
		{D2B3CBB1-D5B2-45E8-91F1-D9528359A86D}.Debug|Any CPU.ActiveCfg = Debug|Any CPU
		{D2B3CBB1-D5B2-45E8-91F1-D9528359A86D}.Debug|Any CPU.Build.0 = Debug|Any CPU
		{D2B3CBB1-D5B2-45E8-91F1-D9528359A86D}.Release|Any CPU.ActiveCfg = Release|Any CPU
		{D2B3CBB1-D5B2-45E8-91F1-D9528359A86D}.Release|Any CPU.Build.0 = Release|Any CPU
		{98794961-7CEC-4074-8449-FDEFAD91F917}.Debug|Any CPU.ActiveCfg = Debug|Any CPU
		{98794961-7CEC-4074-8449-FDEFAD91F917}.Debug|Any CPU.Build.0 = Debug|Any CPU
		{98794961-7CEC-4074-8449-FDEFAD91F917}.Release|Any CPU.ActiveCfg = Release|Any CPU
		{98794961-7CEC-4074-8449-FDEFAD91F917}.Release|Any CPU.Build.0 = Release|Any CPU
		{AF1E9503-2E47-46AF-8F43-CC3699DE2774}.Debug|Any CPU.ActiveCfg = Debug|Any CPU
		{AF1E9503-2E47-46AF-8F43-CC3699DE2774}.Debug|Any CPU.Build.0 = Debug|Any CPU
		{AF1E9503-2E47-46AF-8F43-CC3699DE2774}.Release|Any CPU.ActiveCfg = Release|Any CPU
		{AF1E9503-2E47-46AF-8F43-CC3699DE2774}.Release|Any CPU.Build.0 = Release|Any CPU
		{2EC52AD2-543A-442C-B14D-5DDF7866D9F8}.Debug|Any CPU.ActiveCfg = Debug|Any CPU
		{2EC52AD2-543A-442C-B14D-5DDF7866D9F8}.Debug|Any CPU.Build.0 = Debug|Any CPU
		{2EC52AD2-543A-442C-B14D-5DDF7866D9F8}.Release|Any CPU.ActiveCfg = Release|Any CPU
		{2EC52AD2-543A-442C-B14D-5DDF7866D9F8}.Release|Any CPU.Build.0 = Release|Any CPU
		{2A03AEFA-D88A-4F64-894A-B616E39F2566}.Debug|Any CPU.ActiveCfg = Debug|Any CPU
		{2A03AEFA-D88A-4F64-894A-B616E39F2566}.Debug|Any CPU.Build.0 = Debug|Any CPU
		{2A03AEFA-D88A-4F64-894A-B616E39F2566}.Release|Any CPU.ActiveCfg = Release|Any CPU
		{2A03AEFA-D88A-4F64-894A-B616E39F2566}.Release|Any CPU.Build.0 = Release|Any CPU
		{09430C63-D486-4271-A34C-01FFD6D4EB61}.Debug|Any CPU.ActiveCfg = Debug|Any CPU
		{09430C63-D486-4271-A34C-01FFD6D4EB61}.Debug|Any CPU.Build.0 = Debug|Any CPU
		{09430C63-D486-4271-A34C-01FFD6D4EB61}.Release|Any CPU.ActiveCfg = Release|Any CPU
		{09430C63-D486-4271-A34C-01FFD6D4EB61}.Release|Any CPU.Build.0 = Release|Any CPU
		{3551983F-4BC8-43B9-8788-A9CCB2D6664B}.Debug|Any CPU.ActiveCfg = Debug|Any CPU
		{3551983F-4BC8-43B9-8788-A9CCB2D6664B}.Debug|Any CPU.Build.0 = Debug|Any CPU
		{3551983F-4BC8-43B9-8788-A9CCB2D6664B}.Release|Any CPU.ActiveCfg = Release|Any CPU
		{3551983F-4BC8-43B9-8788-A9CCB2D6664B}.Release|Any CPU.Build.0 = Release|Any CPU
		{6E86E9F0-D6A5-49F6-917F-6CE3EEE9ADA0}.Debug|Any CPU.ActiveCfg = Debug|Any CPU
		{6E86E9F0-D6A5-49F6-917F-6CE3EEE9ADA0}.Debug|Any CPU.Build.0 = Debug|Any CPU
		{6E86E9F0-D6A5-49F6-917F-6CE3EEE9ADA0}.Release|Any CPU.ActiveCfg = Release|Any CPU
		{6E86E9F0-D6A5-49F6-917F-6CE3EEE9ADA0}.Release|Any CPU.Build.0 = Release|Any CPU
		{D8F4B4AA-8FCF-4CA0-9767-2E5EE0C6A590}.Debug|Any CPU.ActiveCfg = Debug|Any CPU
		{D8F4B4AA-8FCF-4CA0-9767-2E5EE0C6A590}.Debug|Any CPU.Build.0 = Debug|Any CPU
		{D8F4B4AA-8FCF-4CA0-9767-2E5EE0C6A590}.Release|Any CPU.ActiveCfg = Release|Any CPU
		{D8F4B4AA-8FCF-4CA0-9767-2E5EE0C6A590}.Release|Any CPU.Build.0 = Release|Any CPU
		{1F271782-E3D7-47E3-B9CC-B97B61AE0B73}.Debug|Any CPU.ActiveCfg = Debug|Any CPU
		{1F271782-E3D7-47E3-B9CC-B97B61AE0B73}.Debug|Any CPU.Build.0 = Debug|Any CPU
		{1F271782-E3D7-47E3-B9CC-B97B61AE0B73}.Release|Any CPU.ActiveCfg = Release|Any CPU
		{1F271782-E3D7-47E3-B9CC-B97B61AE0B73}.Release|Any CPU.Build.0 = Release|Any CPU
		{6CDF1E30-A3E5-4F93-8F64-55C3C16876F4}.Debug|Any CPU.ActiveCfg = Debug|Any CPU
		{6CDF1E30-A3E5-4F93-8F64-55C3C16876F4}.Debug|Any CPU.Build.0 = Debug|Any CPU
		{6CDF1E30-A3E5-4F93-8F64-55C3C16876F4}.Release|Any CPU.ActiveCfg = Release|Any CPU
		{6CDF1E30-A3E5-4F93-8F64-55C3C16876F4}.Release|Any CPU.Build.0 = Release|Any CPU
		{376530FE-D4C3-49A9-AC66-ED34EDC0D79F}.Debug|Any CPU.ActiveCfg = Debug|Any CPU
		{376530FE-D4C3-49A9-AC66-ED34EDC0D79F}.Debug|Any CPU.Build.0 = Debug|Any CPU
		{376530FE-D4C3-49A9-AC66-ED34EDC0D79F}.Release|Any CPU.ActiveCfg = Release|Any CPU
		{376530FE-D4C3-49A9-AC66-ED34EDC0D79F}.Release|Any CPU.Build.0 = Release|Any CPU
		{084EBC42-B932-4546-8B83-67FE63AEAC2D}.Debug|Any CPU.ActiveCfg = Debug|Any CPU
		{084EBC42-B932-4546-8B83-67FE63AEAC2D}.Debug|Any CPU.Build.0 = Debug|Any CPU
		{084EBC42-B932-4546-8B83-67FE63AEAC2D}.Release|Any CPU.ActiveCfg = Release|Any CPU
		{084EBC42-B932-4546-8B83-67FE63AEAC2D}.Release|Any CPU.Build.0 = Release|Any CPU
		{0AAD0FA2-89A7-44A1-9F63-A29439F4168E}.Debug|Any CPU.ActiveCfg = Debug|Any CPU
		{0AAD0FA2-89A7-44A1-9F63-A29439F4168E}.Debug|Any CPU.Build.0 = Debug|Any CPU
		{0AAD0FA2-89A7-44A1-9F63-A29439F4168E}.Release|Any CPU.ActiveCfg = Release|Any CPU
		{0AAD0FA2-89A7-44A1-9F63-A29439F4168E}.Release|Any CPU.Build.0 = Release|Any CPU
		{D0A0D57D-EA95-4588-A8D0-1941894F3AD2}.Debug|Any CPU.ActiveCfg = Debug|Any CPU
		{D0A0D57D-EA95-4588-A8D0-1941894F3AD2}.Debug|Any CPU.Build.0 = Debug|Any CPU
		{D0A0D57D-EA95-4588-A8D0-1941894F3AD2}.Release|Any CPU.ActiveCfg = Release|Any CPU
		{D0A0D57D-EA95-4588-A8D0-1941894F3AD2}.Release|Any CPU.Build.0 = Release|Any CPU
		{8203BCB1-BA8F-46EC-B3C4-CB2F0C1E00FA}.Debug|Any CPU.ActiveCfg = Debug|Any CPU
		{8203BCB1-BA8F-46EC-B3C4-CB2F0C1E00FA}.Debug|Any CPU.Build.0 = Debug|Any CPU
		{8203BCB1-BA8F-46EC-B3C4-CB2F0C1E00FA}.Release|Any CPU.ActiveCfg = Release|Any CPU
		{8203BCB1-BA8F-46EC-B3C4-CB2F0C1E00FA}.Release|Any CPU.Build.0 = Release|Any CPU
		{FC196D04-5D92-439C-A6A7-73F76B7DD22E}.Debug|Any CPU.ActiveCfg = Debug|Any CPU
		{FC196D04-5D92-439C-A6A7-73F76B7DD22E}.Debug|Any CPU.Build.0 = Debug|Any CPU
		{FC196D04-5D92-439C-A6A7-73F76B7DD22E}.Release|Any CPU.ActiveCfg = Release|Any CPU
		{FC196D04-5D92-439C-A6A7-73F76B7DD22E}.Release|Any CPU.Build.0 = Release|Any CPU
		{C99697C7-626C-4852-B186-B01EF1BB5738}.Debug|Any CPU.ActiveCfg = Debug|Any CPU
		{C99697C7-626C-4852-B186-B01EF1BB5738}.Debug|Any CPU.Build.0 = Debug|Any CPU
		{C99697C7-626C-4852-B186-B01EF1BB5738}.Release|Any CPU.ActiveCfg = Release|Any CPU
		{C99697C7-626C-4852-B186-B01EF1BB5738}.Release|Any CPU.Build.0 = Release|Any CPU
		{870B8D00-FD08-4DD9-99DE-0DE55B0C7018}.Debug|Any CPU.ActiveCfg = Debug|Any CPU
		{870B8D00-FD08-4DD9-99DE-0DE55B0C7018}.Debug|Any CPU.Build.0 = Debug|Any CPU
		{870B8D00-FD08-4DD9-99DE-0DE55B0C7018}.Release|Any CPU.ActiveCfg = Release|Any CPU
		{870B8D00-FD08-4DD9-99DE-0DE55B0C7018}.Release|Any CPU.Build.0 = Release|Any CPU
		{9B1F27F1-D3F7-466F-99EC-FFCB2A08636C}.Debug|Any CPU.ActiveCfg = Debug|Any CPU
		{9B1F27F1-D3F7-466F-99EC-FFCB2A08636C}.Debug|Any CPU.Build.0 = Debug|Any CPU
		{9B1F27F1-D3F7-466F-99EC-FFCB2A08636C}.Release|Any CPU.ActiveCfg = Release|Any CPU
		{9B1F27F1-D3F7-466F-99EC-FFCB2A08636C}.Release|Any CPU.Build.0 = Release|Any CPU
		{41658989-6AC0-4006-8023-55754A7D84A1}.Debug|Any CPU.ActiveCfg = Debug|Any CPU
		{41658989-6AC0-4006-8023-55754A7D84A1}.Debug|Any CPU.Build.0 = Debug|Any CPU
		{41658989-6AC0-4006-8023-55754A7D84A1}.Release|Any CPU.ActiveCfg = Release|Any CPU
		{41658989-6AC0-4006-8023-55754A7D84A1}.Release|Any CPU.Build.0 = Release|Any CPU
		{809D779F-2F62-4BFF-A6E2-82A5FA2E4142}.Debug|Any CPU.ActiveCfg = Debug|Any CPU
		{809D779F-2F62-4BFF-A6E2-82A5FA2E4142}.Debug|Any CPU.Build.0 = Debug|Any CPU
		{809D779F-2F62-4BFF-A6E2-82A5FA2E4142}.Release|Any CPU.ActiveCfg = Release|Any CPU
		{809D779F-2F62-4BFF-A6E2-82A5FA2E4142}.Release|Any CPU.Build.0 = Release|Any CPU
		{3112CB5C-627B-4A4B-83E4-53AB0769E989}.Debug|Any CPU.ActiveCfg = Debug|Any CPU
		{3112CB5C-627B-4A4B-83E4-53AB0769E989}.Debug|Any CPU.Build.0 = Debug|Any CPU
		{3112CB5C-627B-4A4B-83E4-53AB0769E989}.Release|Any CPU.ActiveCfg = Release|Any CPU
		{3112CB5C-627B-4A4B-83E4-53AB0769E989}.Release|Any CPU.Build.0 = Release|Any CPU
		{E6BB7105-C0AD-49B9-A02A-8AC15647F727}.Debug|Any CPU.ActiveCfg = Debug|Any CPU
		{E6BB7105-C0AD-49B9-A02A-8AC15647F727}.Debug|Any CPU.Build.0 = Debug|Any CPU
		{E6BB7105-C0AD-49B9-A02A-8AC15647F727}.Release|Any CPU.ActiveCfg = Release|Any CPU
		{E6BB7105-C0AD-49B9-A02A-8AC15647F727}.Release|Any CPU.Build.0 = Release|Any CPU
		{04804591-413B-4199-90E6-723097091DF9}.Debug|Any CPU.ActiveCfg = Debug|Any CPU
		{04804591-413B-4199-90E6-723097091DF9}.Debug|Any CPU.Build.0 = Debug|Any CPU
		{04804591-413B-4199-90E6-723097091DF9}.Release|Any CPU.ActiveCfg = Release|Any CPU
		{04804591-413B-4199-90E6-723097091DF9}.Release|Any CPU.Build.0 = Release|Any CPU
		{0F265E4A-04AD-48F0-B309-22492822D91C}.Debug|Any CPU.ActiveCfg = Debug|Any CPU
		{0F265E4A-04AD-48F0-B309-22492822D91C}.Debug|Any CPU.Build.0 = Debug|Any CPU
		{0F265E4A-04AD-48F0-B309-22492822D91C}.Release|Any CPU.ActiveCfg = Release|Any CPU
		{0F265E4A-04AD-48F0-B309-22492822D91C}.Release|Any CPU.Build.0 = Release|Any CPU
		{36520BC5-4343-4CF3-A8AE-B7A04B91DDB2}.Debug|Any CPU.ActiveCfg = Debug|Any CPU
		{36520BC5-4343-4CF3-A8AE-B7A04B91DDB2}.Debug|Any CPU.Build.0 = Debug|Any CPU
		{36520BC5-4343-4CF3-A8AE-B7A04B91DDB2}.Release|Any CPU.ActiveCfg = Release|Any CPU
		{36520BC5-4343-4CF3-A8AE-B7A04B91DDB2}.Release|Any CPU.Build.0 = Release|Any CPU
		{0AB0316F-76C4-413F-8C96-DB3489E318E6}.Debug|Any CPU.ActiveCfg = Debug|Any CPU
		{0AB0316F-76C4-413F-8C96-DB3489E318E6}.Debug|Any CPU.Build.0 = Debug|Any CPU
		{0AB0316F-76C4-413F-8C96-DB3489E318E6}.Release|Any CPU.ActiveCfg = Release|Any CPU
		{0AB0316F-76C4-413F-8C96-DB3489E318E6}.Release|Any CPU.Build.0 = Release|Any CPU
		{C15021DF-E983-4B40-8F65-16A8966429AF}.Debug|Any CPU.ActiveCfg = Debug|Any CPU
		{C15021DF-E983-4B40-8F65-16A8966429AF}.Debug|Any CPU.Build.0 = Debug|Any CPU
		{C15021DF-E983-4B40-8F65-16A8966429AF}.Release|Any CPU.ActiveCfg = Release|Any CPU
		{C15021DF-E983-4B40-8F65-16A8966429AF}.Release|Any CPU.Build.0 = Release|Any CPU
		{03FA8A80-ADD3-41CC-B55F-E435120D6DA9}.Debug|Any CPU.ActiveCfg = Debug|Any CPU
		{03FA8A80-ADD3-41CC-B55F-E435120D6DA9}.Debug|Any CPU.Build.0 = Debug|Any CPU
		{03FA8A80-ADD3-41CC-B55F-E435120D6DA9}.Release|Any CPU.ActiveCfg = Release|Any CPU
		{03FA8A80-ADD3-41CC-B55F-E435120D6DA9}.Release|Any CPU.Build.0 = Release|Any CPU
		{5424475B-B2EB-4CF2-B7D5-D23CDE9A8D59}.Debug|Any CPU.ActiveCfg = Debug|Any CPU
		{5424475B-B2EB-4CF2-B7D5-D23CDE9A8D59}.Debug|Any CPU.Build.0 = Debug|Any CPU
		{5424475B-B2EB-4CF2-B7D5-D23CDE9A8D59}.Release|Any CPU.ActiveCfg = Release|Any CPU
		{5424475B-B2EB-4CF2-B7D5-D23CDE9A8D59}.Release|Any CPU.Build.0 = Release|Any CPU
		{0AE5B8A9-228D-4A7E-A931-FDF84A4217D3}.Debug|Any CPU.ActiveCfg = Debug|Any CPU
		{0AE5B8A9-228D-4A7E-A931-FDF84A4217D3}.Debug|Any CPU.Build.0 = Debug|Any CPU
		{0AE5B8A9-228D-4A7E-A931-FDF84A4217D3}.Release|Any CPU.ActiveCfg = Release|Any CPU
		{0AE5B8A9-228D-4A7E-A931-FDF84A4217D3}.Release|Any CPU.Build.0 = Release|Any CPU
		{A684DE92-380A-CCCE-442F-A7F96B437F85}.Debug|Any CPU.ActiveCfg = Debug|Any CPU
		{A684DE92-380A-CCCE-442F-A7F96B437F85}.Debug|Any CPU.Build.0 = Debug|Any CPU
		{A684DE92-380A-CCCE-442F-A7F96B437F85}.Release|Any CPU.ActiveCfg = Release|Any CPU
		{A684DE92-380A-CCCE-442F-A7F96B437F85}.Release|Any CPU.Build.0 = Release|Any CPU
		{C33D2F96-D7DC-41FD-A5DB-3B4C349B9FB3}.Debug|Any CPU.ActiveCfg = Debug|Any CPU
		{C33D2F96-D7DC-41FD-A5DB-3B4C349B9FB3}.Debug|Any CPU.Build.0 = Debug|Any CPU
		{C33D2F96-D7DC-41FD-A5DB-3B4C349B9FB3}.Release|Any CPU.ActiveCfg = Release|Any CPU
		{C33D2F96-D7DC-41FD-A5DB-3B4C349B9FB3}.Release|Any CPU.Build.0 = Release|Any CPU
		{030BB5FC-BB8B-4349-B8BD-93DBFE887D18}.Debug|Any CPU.ActiveCfg = Debug|Any CPU
		{030BB5FC-BB8B-4349-B8BD-93DBFE887D18}.Debug|Any CPU.Build.0 = Debug|Any CPU
		{030BB5FC-BB8B-4349-B8BD-93DBFE887D18}.Release|Any CPU.ActiveCfg = Release|Any CPU
		{030BB5FC-BB8B-4349-B8BD-93DBFE887D18}.Release|Any CPU.Build.0 = Release|Any CPU
		{D4E7613F-FBF6-451A-AEA4-D46907CC9C78}.Debug|Any CPU.ActiveCfg = Debug|Any CPU
		{D4E7613F-FBF6-451A-AEA4-D46907CC9C78}.Debug|Any CPU.Build.0 = Debug|Any CPU
		{D4E7613F-FBF6-451A-AEA4-D46907CC9C78}.Release|Any CPU.ActiveCfg = Release|Any CPU
		{D4E7613F-FBF6-451A-AEA4-D46907CC9C78}.Release|Any CPU.Build.0 = Release|Any CPU
		{B38EFDB0-58A2-4C6F-B46E-9B5F01E23F15}.Debug|Any CPU.ActiveCfg = Debug|Any CPU
		{B38EFDB0-58A2-4C6F-B46E-9B5F01E23F15}.Debug|Any CPU.Build.0 = Debug|Any CPU
		{B38EFDB0-58A2-4C6F-B46E-9B5F01E23F15}.Release|Any CPU.ActiveCfg = Release|Any CPU
		{B38EFDB0-58A2-4C6F-B46E-9B5F01E23F15}.Release|Any CPU.Build.0 = Release|Any CPU
		{12A785C8-CD84-4D45-B761-C1D62AF00D8B}.Debug|Any CPU.ActiveCfg = Debug|Any CPU
		{12A785C8-CD84-4D45-B761-C1D62AF00D8B}.Debug|Any CPU.Build.0 = Debug|Any CPU
		{12A785C8-CD84-4D45-B761-C1D62AF00D8B}.Release|Any CPU.ActiveCfg = Release|Any CPU
		{12A785C8-CD84-4D45-B761-C1D62AF00D8B}.Release|Any CPU.Build.0 = Release|Any CPU
		{E65266EF-BADC-4C6B-AACE-EF8444A83C4A}.Debug|Any CPU.ActiveCfg = Debug|Any CPU
		{E65266EF-BADC-4C6B-AACE-EF8444A83C4A}.Debug|Any CPU.Build.0 = Debug|Any CPU
		{E65266EF-BADC-4C6B-AACE-EF8444A83C4A}.Release|Any CPU.ActiveCfg = Release|Any CPU
		{E65266EF-BADC-4C6B-AACE-EF8444A83C4A}.Release|Any CPU.Build.0 = Release|Any CPU
		{2110D4F4-7F43-4ED6-84A4-98BD75FC709C}.Debug|Any CPU.ActiveCfg = Debug|Any CPU
		{2110D4F4-7F43-4ED6-84A4-98BD75FC709C}.Debug|Any CPU.Build.0 = Debug|Any CPU
		{2110D4F4-7F43-4ED6-84A4-98BD75FC709C}.Release|Any CPU.ActiveCfg = Release|Any CPU
		{2110D4F4-7F43-4ED6-84A4-98BD75FC709C}.Release|Any CPU.Build.0 = Release|Any CPU
		{5F23B8AA-1230-48FF-BC80-221F2E17D29C}.Debug|Any CPU.ActiveCfg = Debug|Any CPU
		{5F23B8AA-1230-48FF-BC80-221F2E17D29C}.Debug|Any CPU.Build.0 = Debug|Any CPU
		{5F23B8AA-1230-48FF-BC80-221F2E17D29C}.Release|Any CPU.ActiveCfg = Release|Any CPU
		{5F23B8AA-1230-48FF-BC80-221F2E17D29C}.Release|Any CPU.Build.0 = Release|Any CPU
		{4E2C39BD-90B9-6CCD-D5B2-FBC44834E39B}.Debug|Any CPU.ActiveCfg = Debug|Any CPU
		{4E2C39BD-90B9-6CCD-D5B2-FBC44834E39B}.Debug|Any CPU.Build.0 = Debug|Any CPU
		{4E2C39BD-90B9-6CCD-D5B2-FBC44834E39B}.Release|Any CPU.ActiveCfg = Release|Any CPU
		{4E2C39BD-90B9-6CCD-D5B2-FBC44834E39B}.Release|Any CPU.Build.0 = Release|Any CPU
	EndGlobalSection
	GlobalSection(SolutionProperties) = preSolution
		HideSolutionNode = FALSE
	EndGlobalSection
	GlobalSection(NestedProjects) = preSolution
		{5BEC19AB-F115-40F0-993C-35140A8B316C} = {0E75F0C5-DBEB-4B6D-AC52-98656CA79A7D}
		{99A95321-0DFB-49D1-BAFF-7A292F1F15AC} = {0E75F0C5-DBEB-4B6D-AC52-98656CA79A7D}
		{A0A7ADAC-5970-4463-954D-E860D0CA5C23} = {0E75F0C5-DBEB-4B6D-AC52-98656CA79A7D}
		{9770065A-43E6-40DE-A185-B733851C7536} = {0E75F0C5-DBEB-4B6D-AC52-98656CA79A7D}
		{03DC4902-28E4-416F-AB32-34D645A9428C} = {0E75F0C5-DBEB-4B6D-AC52-98656CA79A7D}
		{139A77D1-93E8-4C14-996D-FFBB5457348B} = {0E75F0C5-DBEB-4B6D-AC52-98656CA79A7D}
		{6796D33B-8688-4434-9AC2-9F8690D58427} = {0E75F0C5-DBEB-4B6D-AC52-98656CA79A7D}
		{91A272A5-23D6-4152-B422-0D232EDF0752} = {0E75F0C5-DBEB-4B6D-AC52-98656CA79A7D}
		{8CDFE9AA-CC01-4342-8847-C5239ECA7F21} = {0E75F0C5-DBEB-4B6D-AC52-98656CA79A7D}
		{D7D4458E-439D-4944-9827-8C1A70623063} = {407762FB-26D8-435F-AE16-C76791EC9FEC}
		{876990D5-600C-42FC-A646-2D2CD70350CF} = {407762FB-26D8-435F-AE16-C76791EC9FEC}
		{DD3E766A-33B7-4A31-B5E9-51D3DB0B45EC} = {407762FB-26D8-435F-AE16-C76791EC9FEC}
		{A9D62841-3FF1-4167-A3D6-7FD64FE66F32} = {407762FB-26D8-435F-AE16-C76791EC9FEC}
		{9CBD5ED7-973A-4DAF-9CEA-7B46E002CE33} = {407762FB-26D8-435F-AE16-C76791EC9FEC}
		{9599F5E4-0B54-4AEF-ABCC-9779319C8A08} = {407762FB-26D8-435F-AE16-C76791EC9FEC}
		{6CC468FF-F2AC-4698-A0DA-FC255D6D7405} = {407762FB-26D8-435F-AE16-C76791EC9FEC}
		{BDD819B5-399D-4805-8D96-DEC3B4F67B37} = {407762FB-26D8-435F-AE16-C76791EC9FEC}
		{D63C031A-A3E4-4FB6-9354-2497BBA581F1} = {0E75F0C5-DBEB-4B6D-AC52-98656CA79A7D}
		{F6892A1D-89DF-40F6-96B1-3ADB74ABA0FE} = {407762FB-26D8-435F-AE16-C76791EC9FEC}
		{207C868D-FB47-4737-9A40-13F89C7AAB36} = {407762FB-26D8-435F-AE16-C76791EC9FEC}
		{2F8790E4-015E-44AB-9781-1EFC4AB7A521} = {407762FB-26D8-435F-AE16-C76791EC9FEC}
		{0FBF5E05-DD48-43C4-871F-6968F72D9BAC} = {0E75F0C5-DBEB-4B6D-AC52-98656CA79A7D}
		{74CF96A1-4B13-4750-82BC-9C0FF1FDFA17} = {0E75F0C5-DBEB-4B6D-AC52-98656CA79A7D}
		{8486A6C4-295A-4A82-AE48-A561AE285938} = {0E75F0C5-DBEB-4B6D-AC52-98656CA79A7D}
		{04A05FF7-947F-4F7D-BAAA-6999E84145C8} = {0E75F0C5-DBEB-4B6D-AC52-98656CA79A7D}
		{17EDCC72-7163-4985-BA1F-BD0B02AF511C} = {0E75F0C5-DBEB-4B6D-AC52-98656CA79A7D}
		{277297BE-69DE-4DAB-A96E-CA592CC934AD} = {0E75F0C5-DBEB-4B6D-AC52-98656CA79A7D}
		{5C8AF4EB-3275-427A-B53A-5CF0B2E1F17A} = {0E75F0C5-DBEB-4B6D-AC52-98656CA79A7D}
		{822E4E56-AB85-4942-AD7C-3EB6EDF0DA6B} = {407762FB-26D8-435F-AE16-C76791EC9FEC}
		{D2B3CBB1-D5B2-45E8-91F1-D9528359A86D} = {407762FB-26D8-435F-AE16-C76791EC9FEC}
		{98794961-7CEC-4074-8449-FDEFAD91F917} = {0E75F0C5-DBEB-4B6D-AC52-98656CA79A7D}
		{AF1E9503-2E47-46AF-8F43-CC3699DE2774} = {407762FB-26D8-435F-AE16-C76791EC9FEC}
		{2EC52AD2-543A-442C-B14D-5DDF7866D9F8} = {407762FB-26D8-435F-AE16-C76791EC9FEC}
		{2A03AEFA-D88A-4F64-894A-B616E39F2566} = {407762FB-26D8-435F-AE16-C76791EC9FEC}
		{09430C63-D486-4271-A34C-01FFD6D4EB61} = {0E75F0C5-DBEB-4B6D-AC52-98656CA79A7D}
		{3551983F-4BC8-43B9-8788-A9CCB2D6664B} = {407762FB-26D8-435F-AE16-C76791EC9FEC}
		{6E86E9F0-D6A5-49F6-917F-6CE3EEE9ADA0} = {0E75F0C5-DBEB-4B6D-AC52-98656CA79A7D}
		{D8F4B4AA-8FCF-4CA0-9767-2E5EE0C6A590} = {407762FB-26D8-435F-AE16-C76791EC9FEC}
		{1F271782-E3D7-47E3-B9CC-B97B61AE0B73} = {407762FB-26D8-435F-AE16-C76791EC9FEC}
		{6CDF1E30-A3E5-4F93-8F64-55C3C16876F4} = {407762FB-26D8-435F-AE16-C76791EC9FEC}
		{376530FE-D4C3-49A9-AC66-ED34EDC0D79F} = {0E75F0C5-DBEB-4B6D-AC52-98656CA79A7D}
		{084EBC42-B932-4546-8B83-67FE63AEAC2D} = {407762FB-26D8-435F-AE16-C76791EC9FEC}
		{0AAD0FA2-89A7-44A1-9F63-A29439F4168E} = {0E75F0C5-DBEB-4B6D-AC52-98656CA79A7D}
		{D0A0D57D-EA95-4588-A8D0-1941894F3AD2} = {407762FB-26D8-435F-AE16-C76791EC9FEC}
		{8203BCB1-BA8F-46EC-B3C4-CB2F0C1E00FA} = {0E75F0C5-DBEB-4B6D-AC52-98656CA79A7D}
		{FC196D04-5D92-439C-A6A7-73F76B7DD22E} = {0E75F0C5-DBEB-4B6D-AC52-98656CA79A7D}
		{C99697C7-626C-4852-B186-B01EF1BB5738} = {407762FB-26D8-435F-AE16-C76791EC9FEC}
		{870B8D00-FD08-4DD9-99DE-0DE55B0C7018} = {407762FB-26D8-435F-AE16-C76791EC9FEC}
		{9B1F27F1-D3F7-466F-99EC-FFCB2A08636C} = {0E75F0C5-DBEB-4B6D-AC52-98656CA79A7D}
		{41658989-6AC0-4006-8023-55754A7D84A1} = {0E75F0C5-DBEB-4B6D-AC52-98656CA79A7D}
		{809D779F-2F62-4BFF-A6E2-82A5FA2E4142} = {0E75F0C5-DBEB-4B6D-AC52-98656CA79A7D}
		{3112CB5C-627B-4A4B-83E4-53AB0769E989} = {407762FB-26D8-435F-AE16-C76791EC9FEC}
		{E6BB7105-C0AD-49B9-A02A-8AC15647F727} = {0E75F0C5-DBEB-4B6D-AC52-98656CA79A7D}
		{04804591-413B-4199-90E6-723097091DF9} = {407762FB-26D8-435F-AE16-C76791EC9FEC}
		{0F265E4A-04AD-48F0-B309-22492822D91C} = {407762FB-26D8-435F-AE16-C76791EC9FEC}
		{36520BC5-4343-4CF3-A8AE-B7A04B91DDB2} = {0E75F0C5-DBEB-4B6D-AC52-98656CA79A7D}
		{0AB0316F-76C4-413F-8C96-DB3489E318E6} = {0E75F0C5-DBEB-4B6D-AC52-98656CA79A7D}
		{C15021DF-E983-4B40-8F65-16A8966429AF} = {407762FB-26D8-435F-AE16-C76791EC9FEC}
		{03FA8A80-ADD3-41CC-B55F-E435120D6DA9} = {0E75F0C5-DBEB-4B6D-AC52-98656CA79A7D}
		{5424475B-B2EB-4CF2-B7D5-D23CDE9A8D59} = {407762FB-26D8-435F-AE16-C76791EC9FEC}
		{0AE5B8A9-228D-4A7E-A931-FDF84A4217D3} = {407762FB-26D8-435F-AE16-C76791EC9FEC}
		{A684DE92-380A-CCCE-442F-A7F96B437F85} = {0E75F0C5-DBEB-4B6D-AC52-98656CA79A7D}
		{C33D2F96-D7DC-41FD-A5DB-3B4C349B9FB3} = {407762FB-26D8-435F-AE16-C76791EC9FEC}
		{030BB5FC-BB8B-4349-B8BD-93DBFE887D18} = {407762FB-26D8-435F-AE16-C76791EC9FEC}
		{D4E7613F-FBF6-451A-AEA4-D46907CC9C78} = {0E75F0C5-DBEB-4B6D-AC52-98656CA79A7D}
		{B38EFDB0-58A2-4C6F-B46E-9B5F01E23F15} = {407762FB-26D8-435F-AE16-C76791EC9FEC}
		{12A785C8-CD84-4D45-B761-C1D62AF00D8B} = {0E75F0C5-DBEB-4B6D-AC52-98656CA79A7D}
		{E65266EF-BADC-4C6B-AACE-EF8444A83C4A} = {0E75F0C5-DBEB-4B6D-AC52-98656CA79A7D}
		{2110D4F4-7F43-4ED6-84A4-98BD75FC709C} = {407762FB-26D8-435F-AE16-C76791EC9FEC}
		{5F23B8AA-1230-48FF-BC80-221F2E17D29C} = {407762FB-26D8-435F-AE16-C76791EC9FEC}
		{4E2C39BD-90B9-6CCD-D5B2-FBC44834E39B} = {407762FB-26D8-435F-AE16-C76791EC9FEC}
	EndGlobalSection
	GlobalSection(ExtensibilityGlobals) = postSolution
		SolutionGuid = {D8DDAD51-08E6-42B5-970B-2DC88D44297B}
	EndGlobalSection
EndGlobal
